{
  "_readme": [
    "This file locks the dependencies of your project to a known state",
    "Read more about it at https://getcomposer.org/doc/01-basic-usage.md#installing-dependencies",
    "This file is @generated automatically"
  ],
  "content-hash": "5d800040f10897f2d39af7a4f8e50441",
  "packages": [
    {
      "name": "container-interop/container-interop",
      "version": "1.1.0",
      "source": {
        "type": "git",
        "url": "https://github.com/container-interop/container-interop.git",
        "reference": "fc08354828f8fd3245f77a66b9e23a6bca48297e"
      },
      "dist": {
        "type": "zip",
        "url": "https://api.github.com/repos/container-interop/container-interop/zipball/fc08354828f8fd3245f77a66b9e23a6bca48297e",
        "reference": "fc08354828f8fd3245f77a66b9e23a6bca48297e",
        "shasum": ""
      },
      "type": "library",
      "autoload": {
        "psr-4": {
          "Interop\\Container\\": "src/Interop/Container/"
        }
      },
      "notification-url": "https://packagist.org/downloads/",
      "license": [
        "MIT"
      ],
      "description": "Promoting the interoperability of container objects (DIC, SL, etc.)",
      "support": {
        "issues": "https://github.com/container-interop/container-interop/issues",
        "source": "https://github.com/container-interop/container-interop/tree/master"
      },
      "abandoned": "psr/container",
      "time": "2014-12-30T15:22:37+00:00"
    },
    {
      "name": "guzzlehttp/psr7",
      "version": "2.2.1",
      "source": {
        "type": "git",
        "url": "https://github.com/guzzle/psr7.git",
        "reference": "c94a94f120803a18554c1805ef2e539f8285f9a2"
      },
      "dist": {
        "type": "zip",
        "url": "https://api.github.com/repos/guzzle/psr7/zipball/c94a94f120803a18554c1805ef2e539f8285f9a2",
        "reference": "c94a94f120803a18554c1805ef2e539f8285f9a2",
        "shasum": ""
      },
      "require": {
        "php": "^7.2.5 || ^8.0",
        "psr/http-factory": "^1.0",
        "psr/http-message": "^1.0",
        "ralouphie/getallheaders": "^3.0"
      },
      "provide": {
        "psr/http-factory-implementation": "1.0",
        "psr/http-message-implementation": "1.0"
      },
      "require-dev": {
        "bamarni/composer-bin-plugin": "^1.4.1",
        "http-interop/http-factory-tests": "^0.9",
        "phpunit/phpunit": "^8.5.8 || ^9.3.10"
      },
      "suggest": {
        "laminas/laminas-httphandlerrunner": "Emit PSR-7 responses"
      },
      "type": "library",
      "extra": {
        "branch-alias": {
          "dev-master": "2.2-dev"
        }
      },
      "autoload": {
        "psr-4": {
          "GuzzleHttp\\Psr7\\": "src/"
        }
      },
      "notification-url": "https://packagist.org/downloads/",
      "license": [
        "MIT"
      ],
      "authors": [
        {
          "name": "Graham Campbell",
          "email": "hello@gjcampbell.co.uk",
          "homepage": "https://github.com/GrahamCampbell"
        },
        {
          "name": "Michael Dowling",
          "email": "mtdowling@gmail.com",
          "homepage": "https://github.com/mtdowling"
        },
        {
          "name": "George Mponos",
          "email": "gmponos@gmail.com",
          "homepage": "https://github.com/gmponos"
        },
        {
          "name": "Tobias Nyholm",
          "email": "tobias.nyholm@gmail.com",
          "homepage": "https://github.com/Nyholm"
        },
        {
          "name": "Márk Sági-Kazár",
          "email": "mark.sagikazar@gmail.com",
          "homepage": "https://github.com/sagikazarmark"
        },
        {
          "name": "Tobias Schultze",
          "email": "webmaster@tubo-world.de",
          "homepage": "https://github.com/Tobion"
        },
        {
          "name": "Márk Sági-Kazár",
          "email": "mark.sagikazar@gmail.com",
          "homepage": "https://sagikazarmark.hu"
        }
      ],
      "description": "PSR-7 message implementation that also provides common utility methods",
      "keywords": [
        "http",
        "message",
        "psr-7",
        "request",
        "response",
        "stream",
        "uri",
        "url"
      ],
      "support": {
        "issues": "https://github.com/guzzle/psr7/issues",
        "source": "https://github.com/guzzle/psr7/tree/2.2.1"
      },
      "funding": [
        {
          "url": "https://github.com/GrahamCampbell",
          "type": "github"
        },
        {
          "url": "https://github.com/Nyholm",
          "type": "github"
        },
        {
          "url": "https://tidelift.com/funding/github/packagist/guzzlehttp/psr7",
          "type": "tidelift"
        }
      ],
      "time": "2022-03-20T21:55:58+00:00"
    },
    {
      "name": "nikic/fast-route",
      "version": "v1.3.0",
      "source": {
        "type": "git",
        "url": "https://github.com/nikic/FastRoute.git",
        "reference": "181d480e08d9476e61381e04a71b34dc0432e812"
      },
      "dist": {
        "type": "zip",
        "url": "https://api.github.com/repos/nikic/FastRoute/zipball/181d480e08d9476e61381e04a71b34dc0432e812",
        "reference": "181d480e08d9476e61381e04a71b34dc0432e812",
        "shasum": ""
      },
      "require": {
        "php": ">=5.4.0"
      },
      "require-dev": {
        "phpunit/phpunit": "^4.8.35|~5.7"
      },
      "type": "library",
      "autoload": {
        "files": [
          "src/functions.php"
        ],
        "psr-4": {
          "FastRoute\\": "src/"
        }
      },
      "notification-url": "https://packagist.org/downloads/",
      "license": [
        "BSD-3-Clause"
      ],
      "authors": [
        {
          "name": "Nikita Popov",
          "email": "nikic@php.net"
        }
      ],
      "description": "Fast request router for PHP",
      "keywords": [
        "router",
        "routing"
      ],
      "support": {
        "issues": "https://github.com/nikic/FastRoute/issues",
        "source": "https://github.com/nikic/FastRoute/tree/master"
      },
      "time": "2018-02-13T20:26:39+00:00"
    },
    {
      "name": "php-di/invoker",
      "version": "1.3.3",
      "source": {
        "type": "git",
        "url": "https://github.com/PHP-DI/Invoker.git",
        "reference": "1f4ca63b9abc66109e53b255e465d0ddb5c2e3f7"
      },
      "dist": {
        "type": "zip",
        "url": "https://api.github.com/repos/PHP-DI/Invoker/zipball/1f4ca63b9abc66109e53b255e465d0ddb5c2e3f7",
        "reference": "1f4ca63b9abc66109e53b255e465d0ddb5c2e3f7",
        "shasum": ""
      },
      "require": {
        "container-interop/container-interop": "~1.1"
      },
      "require-dev": {
        "athletic/athletic": "~0.1.8",
        "phpunit/phpunit": "~4.5"
      },
      "type": "library",
      "autoload": {
        "psr-4": {
          "Invoker\\": "src/"
        }
      },
      "notification-url": "https://packagist.org/downloads/",
      "license": [
        "MIT"
      ],
      "description": "Generic and extensible callable invoker",
      "homepage": "https://github.com/PHP-DI/Invoker",
      "keywords": [
        "callable",
        "dependency",
        "dependency-injection",
        "injection",
        "invoke",
        "invoker"
      ],
      "support": {
        "issues": "https://github.com/PHP-DI/Invoker/issues",
        "source": "https://github.com/PHP-DI/Invoker/tree/master"
      },
      "time": "2016-07-14T13:09:58+00:00"
    },
    {
      "name": "php-di/php-di",
      "version": "5.4.0",
      "source": {
        "type": "git",
        "url": "https://github.com/PHP-DI/PHP-DI.git",
        "reference": "e348393488fa909e4bc0707ba5c9c44cd602a1cb"
      },
      "dist": {
        "type": "zip",
        "url": "https://api.github.com/repos/PHP-DI/PHP-DI/zipball/e348393488fa909e4bc0707ba5c9c44cd602a1cb",
        "reference": "e348393488fa909e4bc0707ba5c9c44cd602a1cb",
        "shasum": ""
      },
      "require": {
        "container-interop/container-interop": "~1.0",
        "php": ">=5.5.0",
        "php-di/invoker": "^1.3.2",
        "php-di/phpdoc-reader": "^2.0.1"
      },
      "provide": {
        "container-interop/container-interop-implementation": "^1.0"
      },
      "replace": {
        "mnapoli/php-di": "*"
      },
      "require-dev": {
        "doctrine/annotations": "~1.2",
        "doctrine/cache": "~1.4",
        "mnapoli/phpunit-easymock": "~0.2.0",
        "ocramius/proxy-manager": "~1.0|~2.0",
        "phpunit/phpunit": "~4.5"
      },
      "suggest": {
        "doctrine/annotations": "Install it if you want to use annotations (version ~1.2)",
        "doctrine/cache": "Install it if you want to use the cache (version ~1.4)",
        "ocramius/proxy-manager": "Install it if you want to use lazy injection (version ~1.0 or ~2.0)"
      },
      "type": "library",
      "autoload": {
        "files": [
          "src/DI/functions.php"
        ],
        "psr-4": {
          "DI\\": "src/DI/"
        }
      },
      "notification-url": "https://packagist.org/downloads/",
      "license": [
        "MIT"
      ],
      "description": "The dependency injection container for humans",
      "homepage": "http://php-di.org/",
      "keywords": [
        "container",
        "dependency injection",
        "di"
      ],
      "support": {
        "issues": "https://github.com/PHP-DI/PHP-DI/issues",
        "source": "https://github.com/PHP-DI/PHP-DI/tree/master"
      },
      "time": "2016-08-23T20:18:00+00:00"
    },
    {
      "name": "php-di/phpdoc-reader",
      "version": "2.2.1",
      "source": {
        "type": "git",
        "url": "https://github.com/PHP-DI/PhpDocReader.git",
        "reference": "66daff34cbd2627740ffec9469ffbac9f8c8185c"
      },
      "dist": {
        "type": "zip",
        "url": "https://api.github.com/repos/PHP-DI/PhpDocReader/zipball/66daff34cbd2627740ffec9469ffbac9f8c8185c",
        "reference": "66daff34cbd2627740ffec9469ffbac9f8c8185c",
        "shasum": ""
      },
      "require": {
        "php": ">=7.2.0"
      },
      "require-dev": {
        "mnapoli/hard-mode": "~0.3.0",
        "phpunit/phpunit": "^8.5|^9.0"
      },
      "type": "library",
      "autoload": {
        "psr-4": {
          "PhpDocReader\\": "src/PhpDocReader"
        }
      },
      "notification-url": "https://packagist.org/downloads/",
      "license": [
        "MIT"
      ],
      "description": "PhpDocReader parses @var and @param values in PHP docblocks (supports namespaced class names with the same resolution rules as PHP)",
      "keywords": [
        "phpdoc",
        "reflection"
      ],
      "support": {
        "issues": "https://github.com/PHP-DI/PhpDocReader/issues",
        "source": "https://github.com/PHP-DI/PhpDocReader/tree/2.2.1"
      },
      "time": "2020-10-12T12:39:22+00:00"
    },
    {
      "name": "psr/container",
      "version": "2.0.2",
      "source": {
        "type": "git",
        "url": "https://github.com/php-fig/container.git",
        "reference": "c71ecc56dfe541dbd90c5360474fbc405f8d5963"
      },
      "dist": {
        "type": "zip",
        "url": "https://api.github.com/repos/php-fig/container/zipball/c71ecc56dfe541dbd90c5360474fbc405f8d5963",
        "reference": "c71ecc56dfe541dbd90c5360474fbc405f8d5963",
        "shasum": ""
      },
      "require": {
        "php": ">=7.4.0"
      },
      "type": "library",
      "extra": {
        "branch-alias": {
          "dev-master": "2.0.x-dev"
        }
      },
      "autoload": {
        "psr-4": {
          "Psr\\Container\\": "src/"
        }
      },
      "notification-url": "https://packagist.org/downloads/",
      "license": [
        "MIT"
      ],
      "authors": [
        {
          "name": "PHP-FIG",
          "homepage": "https://www.php-fig.org/"
        }
      ],
      "description": "Common Container Interface (PHP FIG PSR-11)",
      "homepage": "https://github.com/php-fig/container",
      "keywords": [
        "PSR-11",
        "container",
        "container-interface",
        "container-interop",
        "psr"
      ],
      "support": {
        "issues": "https://github.com/php-fig/container/issues",
        "source": "https://github.com/php-fig/container/tree/2.0.2"
      },
      "time": "2021-11-05T16:47:00+00:00"
    },
    {
      "name": "psr/http-factory",
      "version": "1.0.1",
      "source": {
        "type": "git",
        "url": "https://github.com/php-fig/http-factory.git",
        "reference": "12ac7fcd07e5b077433f5f2bee95b3a771bf61be"
      },
      "dist": {
        "type": "zip",
        "url": "https://api.github.com/repos/php-fig/http-factory/zipball/12ac7fcd07e5b077433f5f2bee95b3a771bf61be",
        "reference": "12ac7fcd07e5b077433f5f2bee95b3a771bf61be",
        "shasum": ""
      },
      "require": {
        "php": ">=7.0.0",
        "psr/http-message": "^1.0"
      },
      "type": "library",
      "extra": {
        "branch-alias": {
          "dev-master": "1.0.x-dev"
        }
      },
      "autoload": {
        "psr-4": {
          "Psr\\Http\\Message\\": "src/"
        }
      },
      "notification-url": "https://packagist.org/downloads/",
      "license": [
        "MIT"
      ],
      "authors": [
        {
          "name": "PHP-FIG",
          "homepage": "http://www.php-fig.org/"
        }
      ],
      "description": "Common interfaces for PSR-7 HTTP message factories",
      "keywords": [
        "factory",
        "http",
        "message",
        "psr",
        "psr-17",
        "psr-7",
        "request",
        "response"
      ],
      "support": {
        "source": "https://github.com/php-fig/http-factory/tree/master"
      },
      "time": "2019-04-30T12:38:16+00:00"
    },
    {
      "name": "psr/http-message",
      "version": "1.0.1",
      "source": {
        "type": "git",
        "url": "https://github.com/php-fig/http-message.git",
        "reference": "f6561bf28d520154e4b0ec72be95418abe6d9363"
      },
      "dist": {
        "type": "zip",
        "url": "https://api.github.com/repos/php-fig/http-message/zipball/f6561bf28d520154e4b0ec72be95418abe6d9363",
        "reference": "f6561bf28d520154e4b0ec72be95418abe6d9363",
        "shasum": ""
      },
      "require": {
        "php": ">=5.3.0"
      },
      "type": "library",
      "extra": {
        "branch-alias": {
          "dev-master": "1.0.x-dev"
        }
      },
      "autoload": {
        "psr-4": {
          "Psr\\Http\\Message\\": "src/"
        }
      },
      "notification-url": "https://packagist.org/downloads/",
      "license": [
        "MIT"
      ],
      "authors": [
        {
          "name": "PHP-FIG",
          "homepage": "http://www.php-fig.org/"
        }
      ],
      "description": "Common interface for HTTP messages",
      "homepage": "https://github.com/php-fig/http-message",
      "keywords": [
        "http",
        "http-message",
        "psr",
        "psr-7",
        "request",
        "response"
      ],
      "support": {
        "source": "https://github.com/php-fig/http-message/tree/master"
      },
      "time": "2016-08-06T14:39:51+00:00"
    },
    {
      "name": "psr/http-server-handler",
      "version": "1.0.1",
      "source": {
        "type": "git",
        "url": "https://github.com/php-fig/http-server-handler.git",
        "reference": "aff2f80e33b7f026ec96bb42f63242dc50ffcae7"
      },
      "dist": {
        "type": "zip",
        "url": "https://api.github.com/repos/php-fig/http-server-handler/zipball/aff2f80e33b7f026ec96bb42f63242dc50ffcae7",
        "reference": "aff2f80e33b7f026ec96bb42f63242dc50ffcae7",
        "shasum": ""
      },
      "require": {
        "php": ">=7.0",
        "psr/http-message": "^1.0"
      },
      "type": "library",
      "extra": {
        "branch-alias": {
          "dev-master": "1.0.x-dev"
        }
      },
      "autoload": {
        "psr-4": {
          "Psr\\Http\\Server\\": "src/"
        }
      },
      "notification-url": "https://packagist.org/downloads/",
      "license": [
        "MIT"
      ],
      "authors": [
        {
          "name": "PHP-FIG",
          "homepage": "http://www.php-fig.org/"
        }
      ],
      "description": "Common interface for HTTP server-side request handler",
      "keywords": [
        "handler",
        "http",
        "http-interop",
        "psr",
        "psr-15",
        "psr-7",
        "request",
        "response",
        "server"
      ],
      "support": {
        "issues": "https://github.com/php-fig/http-server-handler/issues",
        "source": "https://github.com/php-fig/http-server-handler/tree/master"
      },
      "time": "2018-10-30T16:46:14+00:00"
    },
    {
      "name": "psr/http-server-middleware",
      "version": "1.0.1",
      "source": {
        "type": "git",
        "url": "https://github.com/php-fig/http-server-middleware.git",
        "reference": "2296f45510945530b9dceb8bcedb5cb84d40c5f5"
      },
      "dist": {
        "type": "zip",
        "url": "https://api.github.com/repos/php-fig/http-server-middleware/zipball/2296f45510945530b9dceb8bcedb5cb84d40c5f5",
        "reference": "2296f45510945530b9dceb8bcedb5cb84d40c5f5",
        "shasum": ""
      },
      "require": {
        "php": ">=7.0",
        "psr/http-message": "^1.0",
        "psr/http-server-handler": "^1.0"
      },
      "type": "library",
      "extra": {
        "branch-alias": {
          "dev-master": "1.0.x-dev"
        }
      },
      "autoload": {
        "psr-4": {
          "Psr\\Http\\Server\\": "src/"
        }
      },
      "notification-url": "https://packagist.org/downloads/",
      "license": [
        "MIT"
      ],
      "authors": [
        {
          "name": "PHP-FIG",
          "homepage": "http://www.php-fig.org/"
        }
      ],
      "description": "Common interface for HTTP server-side middleware",
      "keywords": [
        "http",
        "http-interop",
        "middleware",
        "psr",
        "psr-15",
        "psr-7",
        "request",
        "response"
      ],
      "support": {
        "issues": "https://github.com/php-fig/http-server-middleware/issues",
        "source": "https://github.com/php-fig/http-server-middleware/tree/master"
      },
      "time": "2018-10-30T17:12:04+00:00"
    },
    {
      "name": "psr/log",
      "version": "1.1.4",
      "source": {
        "type": "git",
        "url": "https://github.com/php-fig/log.git",
        "reference": "d49695b909c3b7628b6289db5479a1c204601f11"
      },
      "dist": {
        "type": "zip",
        "url": "https://api.github.com/repos/php-fig/log/zipball/d49695b909c3b7628b6289db5479a1c204601f11",
        "reference": "d49695b909c3b7628b6289db5479a1c204601f11",
        "shasum": ""
      },
      "require": {
        "php": ">=5.3.0"
      },
      "type": "library",
      "extra": {
        "branch-alias": {
          "dev-master": "1.1.x-dev"
        }
      },
      "autoload": {
        "psr-4": {
          "Psr\\Log\\": "Psr/Log/"
        }
      },
      "notification-url": "https://packagist.org/downloads/",
      "license": [
        "MIT"
      ],
      "authors": [
        {
          "name": "PHP-FIG",
          "homepage": "https://www.php-fig.org/"
        }
      ],
      "description": "Common interface for logging libraries",
      "homepage": "https://github.com/php-fig/log",
      "keywords": [
        "log",
        "psr",
        "psr-3"
      ],
      "support": {
        "source": "https://github.com/php-fig/log/tree/1.1.4"
      },
      "time": "2021-05-03T11:20:27+00:00"
    },
    {
      "name": "ralouphie/getallheaders",
      "version": "3.0.3",
      "source": {
        "type": "git",
        "url": "https://github.com/ralouphie/getallheaders.git",
        "reference": "120b605dfeb996808c31b6477290a714d356e822"
      },
      "dist": {
        "type": "zip",
        "url": "https://api.github.com/repos/ralouphie/getallheaders/zipball/120b605dfeb996808c31b6477290a714d356e822",
        "reference": "120b605dfeb996808c31b6477290a714d356e822",
        "shasum": ""
      },
      "require": {
        "php": ">=5.6"
      },
      "require-dev": {
        "php-coveralls/php-coveralls": "^2.1",
        "phpunit/phpunit": "^5 || ^6.5"
      },
      "type": "library",
      "autoload": {
        "files": [
          "src/getallheaders.php"
        ]
      },
      "notification-url": "https://packagist.org/downloads/",
      "license": [
        "MIT"
      ],
      "authors": [
        {
          "name": "Ralph Khattar",
          "email": "ralph.khattar@gmail.com"
        }
      ],
      "description": "A polyfill for getallheaders.",
      "support": {
        "issues": "https://github.com/ralouphie/getallheaders/issues",
        "source": "https://github.com/ralouphie/getallheaders/tree/develop"
      },
      "time": "2019-03-08T08:55:37+00:00"
    },
    {
      "name": "slim/slim",
      "version": "4.10.0",
      "source": {
        "type": "git",
        "url": "https://github.com/slimphp/Slim.git",
        "reference": "0dfc7d2fdf2553b361d864d51af3fe8a6ad168b0"
      },
      "dist": {
        "type": "zip",
        "url": "https://api.github.com/repos/slimphp/Slim/zipball/0dfc7d2fdf2553b361d864d51af3fe8a6ad168b0",
        "reference": "0dfc7d2fdf2553b361d864d51af3fe8a6ad168b0",
        "shasum": ""
      },
      "require": {
        "ext-json": "*",
        "nikic/fast-route": "^1.3",
        "php": "^7.4 || ^8.0",
        "psr/container": "^1.0 || ^2.0",
        "psr/http-factory": "^1.0",
        "psr/http-message": "^1.0",
        "psr/http-server-handler": "^1.0",
        "psr/http-server-middleware": "^1.0",
        "psr/log": "^1.1 || ^2.0 || ^3.0"
      },
      "require-dev": {
        "adriansuter/php-autoload-override": "^1.2",
        "ext-simplexml": "*",
        "guzzlehttp/psr7": "^2.1",
        "httpsoft/http-message": "^1.0",
        "httpsoft/http-server-request": "^1.0",
        "laminas/laminas-diactoros": "^2.8",
        "nyholm/psr7": "^1.5",
        "nyholm/psr7-server": "^1.0",
        "phpspec/prophecy": "^1.15",
        "phpspec/prophecy-phpunit": "^2.0",
        "phpstan/phpstan": "^1.4",
        "phpunit/phpunit": "^9.5",
        "slim/http": "^1.2",
        "slim/psr7": "^1.5",
        "squizlabs/php_codesniffer": "^3.6"
      },
      "suggest": {
        "ext-simplexml": "Needed to support XML format in BodyParsingMiddleware",
        "ext-xml": "Needed to support XML format in BodyParsingMiddleware",
        "php-di/php-di": "PHP-DI is the recommended container library to be used with Slim",
        "slim/psr7": "Slim PSR-7 implementation. See https://www.slimframework.com/docs/v4/start/installation.html for more information."
      },
      "type": "library",
      "autoload": {
        "psr-4": {
          "Slim\\": "Slim"
        }
      },
      "notification-url": "https://packagist.org/downloads/",
      "license": [
        "MIT"
      ],
      "authors": [
        {
          "name": "Josh Lockhart",
          "email": "hello@joshlockhart.com",
          "homepage": "https://joshlockhart.com"
        },
        {
          "name": "Andrew Smith",
          "email": "a.smith@silentworks.co.uk",
          "homepage": "http://silentworks.co.uk"
        },
        {
          "name": "Rob Allen",
          "email": "rob@akrabat.com",
          "homepage": "http://akrabat.com"
        },
        {
          "name": "Pierre Berube",
          "email": "pierre@lgse.com",
          "homepage": "http://www.lgse.com"
        },
        {
          "name": "Gabriel Manricks",
          "email": "gmanricks@me.com",
          "homepage": "http://gabrielmanricks.com"
        }
      ],
      "description": "Slim is a PHP micro framework that helps you quickly write simple yet powerful web applications and APIs",
      "homepage": "https://www.slimframework.com",
      "keywords": [
        "api",
        "framework",
        "micro",
        "router"
      ],
      "support": {
        "docs": "https://www.slimframework.com/docs/v4/",
        "forum": "https://discourse.slimframework.com/",
        "irc": "irc://irc.freenode.net:6667/slimphp",
        "issues": "https://github.com/slimphp/Slim/issues",
        "rss": "https://www.slimframework.com/blog/feed.rss",
        "slack": "https://slimphp.slack.com/",
        "source": "https://github.com/slimphp/Slim",
        "wiki": "https://github.com/slimphp/Slim/wiki"
      },
      "funding": [
        {
          "url": "https://opencollective.com/slimphp",
          "type": "open_collective"
        },
        {
          "url": "https://tidelift.com/funding/github/packagist/slim/slim",
          "type": "tidelift"
        }
      ],
      "time": "2022-03-14T14:18:23+00:00"
    }
  ],
  "packages-dev": [],
  "aliases": [],
  "minimum-stability": "stable",
  "stability-flags": [],
  "prefer-stable": false,
  "prefer-lowest": false,
  "platform": [],
  "platform-dev": [],
  "plugin-api-version": "2.2.0"
}
